
Microsoft Visual Studio Solution File, Format Version 12.00
# Visual Studio Version 16
VisualStudioVersion = 16.0.31515.178
MinimumVisualStudioVersion = 10.0.40219.1
Project("{FAE04EC0-301F-11D3-BF4B-00C04F79EFBC}") = "GameLauncher", "GameLauncher\GameLauncher.csproj", "{F77C5DF0-A3F5-4F8D-854E-0373B86DB92E}"
EndProject
Global
	GlobalSection(SolutionConfigurationPlatforms) = preSolution
		Debug|Any CPU = Debug|Any CPU
		Release|Any CPU = Release|Any CPU
	EndGlobalSection
	GlobalSection(ProjectConfigurationPlatforms) = postSolution
		{F77C5DF0-A3F5-4F8D-854E-0373B86DB92E}.Debug|Any CPU.ActiveCfg = Debug|Any CPU
		{F77C5DF0-A3F5-4F8D-854E-0373B86DB92E}.Debug|Any CPU.Build.0 = Debug|Any CPU
		{F77C5DF0-A3F5-4F8D-854E-0373B86DB92E}.Release|Any CPU.ActiveCfg = Release|Any CPU
		{F77C5DF0-A3F5-4F8D-854E-0373B86DB92E}.Release|Any CPU.Build.0 = Release|Any CPU
	EndGlobalSection
	GlobalSection(SolutionProperties) = preSolution
		HideSolutionNode = FALSE
	EndGlobalSection
	GlobalSection(ExtensibilityGlobals) = postSolution
		SolutionGuid = {2239B5A4-F524-4780-A73C-B5468C3728E7}
	EndGlobalSection
EndGlobal
